
Microsoft Visual Studio Solution File, Format Version 12.00
# Visual Studio Version 16
VisualStudioVersion = 16.0.31424.327
MinimumVisualStudioVersion = 10.0.40219.1
Project("{FAE04EC0-301F-11D3-BF4B-00C04F79EFBC}") = "MiPrimeraAplicacion", "MiPrimeraAplicacion\MiPrimeraAplicacion.csproj", "{655DC35C-F895-4D62-96DE-867237732E2F}"
EndProject
Global
	GlobalSection(SolutionConfigurationPlatforms) = preSolution
		Debug|Any CPU = Debug|Any CPU
		Release|Any CPU = Release|Any CPU
	EndGlobalSection
	GlobalSection(ProjectConfigurationPlatforms) = postSolution
		{655DC35C-F895-4D62-96DE-867237732E2F}.Debug|Any CPU.ActiveCfg = Debug|Any CPU
		{655DC35C-F895-4D62-96DE-867237732E2F}.Debug|Any CPU.Build.0 = Debug|Any CPU
		{655DC35C-F895-4D62-96DE-867237732E2F}.Release|Any CPU.ActiveCfg = Release|Any CPU
		{655DC35C-F895-4D62-96DE-867237732E2F}.Release|Any CPU.Build.0 = Release|Any CPU
	EndGlobalSection
	GlobalSection(SolutionProperties) = preSolution
		HideSolutionNode = FALSE
	EndGlobalSection
	GlobalSection(ExtensibilityGlobals) = postSolution
		SolutionGuid = {0C729355-F083-4450-A79F-32CDD811CA65}
	EndGlobalSection
EndGlobal
