
Microsoft Visual Studio Solution File, Format Version 12.00
# Visual Studio Version 16
VisualStudioVersion = 16.0.31424.327
MinimumVisualStudioVersion = 10.0.40219.1
Project("{FAE04EC0-301F-11D3-BF4B-00C04F79EFBC}") = "Seccion7", "Seccion7\Seccion7.csproj", "{CC645EDC-CA7D-47EC-9A4C-0D5D05C77BF9}"
EndProject
Global
	GlobalSection(SolutionConfigurationPlatforms) = preSolution
		Debug|Any CPU = Debug|Any CPU
		Release|Any CPU = Release|Any CPU
	EndGlobalSection
	GlobalSection(ProjectConfigurationPlatforms) = postSolution
		{CC645EDC-CA7D-47EC-9A4C-0D5D05C77BF9}.Debug|Any CPU.ActiveCfg = Debug|Any CPU
		{CC645EDC-CA7D-47EC-9A4C-0D5D05C77BF9}.Debug|Any CPU.Build.0 = Debug|Any CPU
		{CC645EDC-CA7D-47EC-9A4C-0D5D05C77BF9}.Release|Any CPU.ActiveCfg = Release|Any CPU
		{CC645EDC-CA7D-47EC-9A4C-0D5D05C77BF9}.Release|Any CPU.Build.0 = Release|Any CPU
	EndGlobalSection
	GlobalSection(SolutionProperties) = preSolution
		HideSolutionNode = FALSE
	EndGlobalSection
	GlobalSection(ExtensibilityGlobals) = postSolution
		SolutionGuid = {E98678F0-B758-44ED-B564-D19B5D51CED8}
	EndGlobalSection
EndGlobal
