
Microsoft Visual Studio Solution File, Format Version 12.00
# Visual Studio Version 16
VisualStudioVersion = 16.0.31424.327
MinimumVisualStudioVersion = 10.0.40219.1
Project("{FAE04EC0-301F-11D3-BF4B-00C04F79EFBC}") = "Tarea6", "Tarea6\Tarea6.csproj", "{115B530A-68F4-48CE-9F9A-1E0C39AD9EF1}"
EndProject
Global
	GlobalSection(SolutionConfigurationPlatforms) = preSolution
		Debug|Any CPU = Debug|Any CPU
		Release|Any CPU = Release|Any CPU
	EndGlobalSection
	GlobalSection(ProjectConfigurationPlatforms) = postSolution
		{115B530A-68F4-48CE-9F9A-1E0C39AD9EF1}.Debug|Any CPU.ActiveCfg = Debug|Any CPU
		{115B530A-68F4-48CE-9F9A-1E0C39AD9EF1}.Debug|Any CPU.Build.0 = Debug|Any CPU
		{115B530A-68F4-48CE-9F9A-1E0C39AD9EF1}.Release|Any CPU.ActiveCfg = Release|Any CPU
		{115B530A-68F4-48CE-9F9A-1E0C39AD9EF1}.Release|Any CPU.Build.0 = Release|Any CPU
	EndGlobalSection
	GlobalSection(SolutionProperties) = preSolution
		HideSolutionNode = FALSE
	EndGlobalSection
	GlobalSection(ExtensibilityGlobals) = postSolution
		SolutionGuid = {1B43E57C-DB8D-481A-89C0-522C81855E50}
	EndGlobalSection
EndGlobal
