
Microsoft Visual Studio Solution File, Format Version 12.00
# Visual Studio Version 16
VisualStudioVersion = 16.0.31702.278
MinimumVisualStudioVersion = 10.0.40219.1
Project("{FAE04EC0-301F-11D3-BF4B-00C04F79EFBC}") = "Seccion8", "Seccion8\Seccion8.csproj", "{2D59FA95-F541-4C90-AB6B-177E4BD80459}"
EndProject
Global
	GlobalSection(SolutionConfigurationPlatforms) = preSolution
		Debug|Any CPU = Debug|Any CPU
		Release|Any CPU = Release|Any CPU
	EndGlobalSection
	GlobalSection(ProjectConfigurationPlatforms) = postSolution
		{2D59FA95-F541-4C90-AB6B-177E4BD80459}.Debug|Any CPU.ActiveCfg = Debug|Any CPU
		{2D59FA95-F541-4C90-AB6B-177E4BD80459}.Debug|Any CPU.Build.0 = Debug|Any CPU
		{2D59FA95-F541-4C90-AB6B-177E4BD80459}.Release|Any CPU.ActiveCfg = Release|Any CPU
		{2D59FA95-F541-4C90-AB6B-177E4BD80459}.Release|Any CPU.Build.0 = Release|Any CPU
	EndGlobalSection
	GlobalSection(SolutionProperties) = preSolution
		HideSolutionNode = FALSE
	EndGlobalSection
	GlobalSection(ExtensibilityGlobals) = postSolution
		SolutionGuid = {6B3E8F28-1C1F-4FCF-9742-50EF6447D447}
	EndGlobalSection
EndGlobal
